<?xml version="1.0" encoding="utf-8"?>
<Project ToolsVersion="4.0" xmlns="http://schemas.microsoft.com/developer/msbuild/2003">
  <ItemGroup>
    <Filter Include="Quelldateien">
      <UniqueIdentifier>{4FC737F1-C7A5-4376-A066-2A32D752A2FF}</UniqueIdentifier>
      <Extensions>cpp;c;cc;cxx;def;odl;idl;hpj;bat;asm;asmx</Extensions>
    </Filter>
    <Filter Include="Headerdateien">
      <UniqueIdentifier>{93995380-89BD-4b04-88EB-625FBE52EBFB}</UniqueIdentifier>
      <Extensions>h;hh;hpp;hxx;hm;inl;inc;xsd</Extensions>
    </Filter>
    <Filter Include="Ressourcendateien">
      <UniqueIdentifier>{67DA6AB6-F800-4c08-8B7A-83BB121AAD01}</UniqueIdentifier>
      <Extensions>rc;ico;cur;bmp;dlg;rc2;rct;bin;rgs;gif;jpg;jpeg;jpe;resx;tiff;tif;png;wav;mfcribbon-ms</Extensions>
    </Filter>
    <Filter Include="Scripts">
      <UniqueIdentifier>{c34b95ae-c40c-42b5-b364-269b2690be55}</UniqueIdentifier>
    </Filter>
    <Filter Include="simulation">
      <UniqueIdentifier>{2cc52261-37f5-4899-bb15-8b00ceb9c77e}</UniqueIdentifier>
    </Filter>
    <Filter Include="filter">
      <UniqueIdentifier>{503df4eb-421e-41c0-bb7d-b0f71d4f786f}</UniqueIdentifier>
    </Filter>
  </ItemGroup>
  <ItemGroup>
    <Text Include="ReadMe.txt" />
  </ItemGroup>
  <ItemGroup>
    <ClInclude Include="stdafx.h">
      <Filter>Headerdateien</Filter>
    </ClInclude>
    <ClInclude Include="targetver.h">
      <Filter>Headerdateien</Filter>
    </ClInclude>
    <ClInclude Include="CWindow.h">
      <Filter>Headerdateien</Filter>
    </ClInclude>
    <ClInclude Include="CWorld.h">
      <Filter>simulation</Filter>
    </ClInclude>
    <ClInclude Include="CRenderFrame.h">
      <Filter>filter</Filter>
    </ClInclude>
    <ClInclude Include="CRenderWindow.h">
      <Filter>filter</Filter>
    </ClInclude>
    <ClInclude Include="CRenderWorld2.h">
      <Filter>Headerdateien</Filter>
    </ClInclude>
    <ClInclude Include="CRenderWorld.h">
      <Filter>filter</Filter>
    </ClInclude>
    <ClInclude Include="CRenderSprite.h">
      <Filter>filter</Filter>
    </ClInclude>
    <ClInclude Include="CRenderTile.h">
      <Filter>filter</Filter>
    </ClInclude>
  </ItemGroup>
  <ItemGroup>
    <ClCompile Include="stdafx.cpp">
      <Filter>Quelldateien</Filter>
    </ClCompile>
    <ClCompile Include="SkyWorld.cpp">
      <Filter>Quelldateien</Filter>
    </ClCompile>
    <ClCompile Include="CWindow.cpp">
      <Filter>Quelldateien</Filter>
    </ClCompile>
    <ClCompile Include="CWorld.cpp">
      <Filter>simulation</Filter>
    </ClCompile>
    <ClCompile Include="CRenderFrame.cpp">
      <Filter>filter</Filter>
    </ClCompile>
    <ClCompile Include="CRenderWindow.cpp">
      <Filter>filter</Filter>
    </ClCompile>
    <ClCompile Include="CRenderWorld2.cpp">
      <Filter>Quelldateien</Filter>
    </ClCompile>
    <ClCompile Include="CRenderWorld.cpp">
      <Filter>filter</Filter>
    </ClCompile>
    <ClCompile Include="CRenderSprite.cpp">
      <Filter>filter</Filter>
    </ClCompile>
    <ClCompile Include="CRenderTile.cpp">
      <Filter>filter</Filter>
    </ClCompile>
  </ItemGroup>
  <ItemGroup>
    <None Include="..\packages\jQuery.2.1.1\tools\jquery-2.1.1.intellisense.js">
      <Filter>Scripts</Filter>
    </None>
    <None Include="packages.config" />
  </ItemGroup>
</Project>